// !$*UTF8*$!
{
	archiveVersion = 1;
	classes = {
	};
	objectVersion = 46;
	objects = {

/* Begin PBXBuildFile section */
		F8B6DC6719B58888003FC63C /* Foundation.framework in Frameworks */ = {isa = PBXBuildFile; fileRef = F8B6DC6619B58888003FC63C /* Foundation.framework */; };
		F8B6DC6919B58888003FC63C /* CoreGraphics.framework in Frameworks */ = {isa = PBXBuildFile; fileRef = F8B6DC6819B58888003FC63C /* CoreGraphics.framework */; };
		F8B6DC6B19B58888003FC63C /* UIKit.framework in Frameworks */ = {isa = PBXBuildFile; fileRef = F8B6DC6A19B58888003FC63C /* UIKit.framework */; };
		F8B6DC7119B58888003FC63C /* InfoPlist.strings in Resources */ = {isa = PBXBuildFile; fileRef = F8B6DC6F19B58888003FC63C /* InfoPlist.strings */; };
		F8B6DC7319B58888003FC63C /* main.m in Sources */ = {isa = PBXBuildFile; fileRef = F8B6DC7219B58888003FC63C /* main.m */; };
		F8B6DC7719B58888003FC63C /* AppDelegate.m in Sources */ = {isa = PBXBuildFile; fileRef = F8B6DC7619B58888003FC63C /* AppDelegate.m */; };
		F8B6DC7919B58888003FC63C /* Images.xcassets in Resources */ = {isa = PBXBuildFile; fileRef = F8B6DC7819B58888003FC63C /* Images.xcassets */; };
		F8B6DC8019B58888003FC63C /* XCTest.framework in Frameworks */ = {isa = PBXBuildFile; fileRef = F8B6DC7F19B58888003FC63C /* XCTest.framework */; };
		F8B6DC8119B58888003FC63C /* Foundation.framework in Frameworks */ = {isa = PBXBuildFile; fileRef = F8B6DC6619B58888003FC63C /* Foundation.framework */; };
		F8B6DC8219B58888003FC63C /* UIKit.framework in Frameworks */ = {isa = PBXBuildFile; fileRef = F8B6DC6A19B58888003FC63C /* UIKit.framework */; };
		F8B6DC8A19B58888003FC63C /* InfoPlist.strings in Resources */ = {isa = PBXBuildFile; fileRef = F8B6DC8819B58888003FC63C /* InfoPlist.strings */; };
		F8B6DC8C19B58888003FC63C /* SideMenuControllerTests.m in Sources */ = {isa = PBXBuildFile; fileRef = F8B6DC8B19B58888003FC63C /* SideMenuControllerTests.m */; };
		F8B6DC9B19B598F3003FC63C /* RightController.m in Sources */ = {isa = PBXBuildFile; fileRef = F8B6DC9A19B598F3003FC63C /* RightController.m */; };
		F8B6DC9E19B598FB003FC63C /* LeftViewController.m in Sources */ = {isa = PBXBuildFile; fileRef = F8B6DC9D19B598FB003FC63C /* LeftViewController.m */; };
		F8B6DCA119B59902003FC63C /* MainViewController.m in Sources */ = {isa = PBXBuildFile; fileRef = F8B6DCA019B59902003FC63C /* MainViewController.m */; };
		F8B6DCA419B59F4F003FC63C /* nav_menu_icon@2x.png in Resources */ = {isa = PBXBuildFile; fileRef = F8B6DCA319B59F4F003FC63C /* nav_menu_icon@2x.png */; };
		F8B6DCA619B5A906003FC63C /* btn_nav_left_menu@2x.png in Resources */ = {isa = PBXBuildFile; fileRef = F8B6DCA519B5A906003FC63C /* btn_nav_left_menu@2x.png */; };
		F8B6DCAA19B5AC5E003FC63C /* LeftController.m in Sources */ = {isa = PBXBuildFile; fileRef = F8B6DCA919B5AC5E003FC63C /* LeftController.m */; };
		F8B6DCAE19B5AD0D003FC63C /* AccountListView.m in Sources */ = {isa = PBXBuildFile; fileRef = F8B6DCAD19B5AD0D003FC63C /* AccountListView.m */; };
		F8B6DCFF19B5BE45003FC63C /* SideMenuController.m in Sources */ = {isa = PBXBuildFile; fileRef = F8B6DCFE19B5BE45003FC63C /* SideMenuController.m */; };
/* End PBXBuildFile section */

/* Begin PBXContainerItemProxy section */
		F8B6DC8319B58888003FC63C /* PBXContainerItemProxy */ = {
			isa = PBXContainerItemProxy;
			containerPortal = F8B6DC5B19B58887003FC63C /* Project object */;
			proxyType = 1;
			remoteGlobalIDString = F8B6DC6219B58888003FC63C;
			remoteInfo = SideMenuController;
		};
/* End PBXContainerItemProxy section */

/* Begin PBXFileReference section */
		F8B6DC6319B58888003FC63C /* SideMenuController.app */ = {isa = PBXFileReference; explicitFileType = wrapper.application; includeInIndex = 0; path = SideMenuController.app; sourceTree = BUILT_PRODUCTS_DIR; };
		F8B6DC6619B58888003FC63C /* Foundation.framework */ = {isa = PBXFileReference; lastKnownFileType = wrapper.framework; name = Foundation.framework; path = System/Library/Frameworks/Foundation.framework; sourceTree = SDKROOT; };
		F8B6DC6819B58888003FC63C /* CoreGraphics.framework */ = {isa = PBXFileReference; lastKnownFileType = wrapper.framework; name = CoreGraphics.framework; path = System/Library/Frameworks/CoreGraphics.framework; sourceTree = SDKROOT; };
		F8B6DC6A19B58888003FC63C /* UIKit.framework */ = {isa = PBXFileReference; lastKnownFileType = wrapper.framework; name = UIKit.framework; path = System/Library/Frameworks/UIKit.framework; sourceTree = SDKROOT; };
		F8B6DC6E19B58888003FC63C /* SideMenuController-Info.plist */ = {isa = PBXFileReference; lastKnownFileType = text.plist.xml; path = "SideMenuController-Info.plist"; sourceTree = "<group>"; };
		F8B6DC7019B58888003FC63C /* en */ = {isa = PBXFileReference; lastKnownFileType = text.plist.strings; name = en; path = en.lproj/InfoPlist.strings; sourceTree = "<group>"; };
		F8B6DC7219B58888003FC63C /* main.m */ = {isa = PBXFileReference; lastKnownFileType = sourcecode.c.objc; path = main.m; sourceTree = "<group>"; };
		F8B6DC7419B58888003FC63C /* SideMenuController-Prefix.pch */ = {isa = PBXFileReference; lastKnownFileType = sourcecode.c.h; path = "SideMenuController-Prefix.pch"; sourceTree = "<group>"; };
		F8B6DC7519B58888003FC63C /* AppDelegate.h */ = {isa = PBXFileReference; lastKnownFileType = sourcecode.c.h; path = AppDelegate.h; sourceTree = "<group>"; };
		F8B6DC7619B58888003FC63C /* AppDelegate.m */ = {isa = PBXFileReference; lastKnownFileType = sourcecode.c.objc; path = AppDelegate.m; sourceTree = "<group>"; };
		F8B6DC7819B58888003FC63C /* Images.xcassets */ = {isa = PBXFileReference; lastKnownFileType = folder.assetcatalog; path = Images.xcassets; sourceTree = "<group>"; };
		F8B6DC7E19B58888003FC63C /* SideMenuControllerTests.xctest */ = {isa = PBXFileReference; explicitFileType = wrapper.cfbundle; includeInIndex = 0; path = SideMenuControllerTests.xctest; sourceTree = BUILT_PRODUCTS_DIR; };
		F8B6DC7F19B58888003FC63C /* XCTest.framework */ = {isa = PBXFileReference; lastKnownFileType = wrapper.framework; name = XCTest.framework; path = Library/Frameworks/XCTest.framework; sourceTree = DEVELOPER_DIR; };
		F8B6DC8719B58888003FC63C /* SideMenuControllerTests-Info.plist */ = {isa = PBXFileReference; lastKnownFileType = text.plist.xml; path = "SideMenuControllerTests-Info.plist"; sourceTree = "<group>"; };
		F8B6DC8919B58888003FC63C /* en */ = {isa = PBXFileReference; lastKnownFileType = text.plist.strings; name = en; path = en.lproj/InfoPlist.strings; sourceTree = "<group>"; };
		F8B6DC8B19B58888003FC63C /* SideMenuControllerTests.m */ = {isa = PBXFileReference; lastKnownFileType = sourcecode.c.objc; path = SideMenuControllerTests.m; sourceTree = "<group>"; };
		F8B6DC9919B598F3003FC63C /* RightController.h */ = {isa = PBXFileReference; fileEncoding = 4; lastKnownFileType = sourcecode.c.h; path = RightController.h; sourceTree = "<group>"; };
		F8B6DC9A19B598F3003FC63C /* RightController.m */ = {isa = PBXFileReference; fileEncoding = 4; lastKnownFileType = sourcecode.c.objc; path = RightController.m; sourceTree = "<group>"; };
		F8B6DC9C19B598FB003FC63C /* LeftViewController.h */ = {isa = PBXFileReference; fileEncoding = 4; lastKnownFileType = sourcecode.c.h; path = LeftViewController.h; sourceTree = "<group>"; };
		F8B6DC9D19B598FB003FC63C /* LeftViewController.m */ = {isa = PBXFileReference; fileEncoding = 4; lastKnownFileType = sourcecode.c.objc; path = LeftViewController.m; sourceTree = "<group>"; };
		F8B6DC9F19B59902003FC63C /* MainViewController.h */ = {isa = PBXFileReference; fileEncoding = 4; lastKnownFileType = sourcecode.c.h; path = MainViewController.h; sourceTree = "<group>"; };
		F8B6DCA019B59902003FC63C /* MainViewController.m */ = {isa = PBXFileReference; fileEncoding = 4; lastKnownFileType = sourcecode.c.objc; path = MainViewController.m; sourceTree = "<group>"; };
		F8B6DCA319B59F4F003FC63C /* nav_menu_icon@2x.png */ = {isa = PBXFileReference; lastKnownFileType = image.png; path = "nav_menu_icon@2x.png"; sourceTree = "<group>"; };
		F8B6DCA519B5A906003FC63C /* btn_nav_left_menu@2x.png */ = {isa = PBXFileReference; lastKnownFileType = image.png; path = "btn_nav_left_menu@2x.png"; sourceTree = "<group>"; };
		F8B6DCA819B5AC5E003FC63C /* LeftController.h */ = {isa = PBXFileReference; fileEncoding = 4; lastKnownFileType = sourcecode.c.h; path = LeftController.h; sourceTree = "<group>"; };
		F8B6DCA919B5AC5E003FC63C /* LeftController.m */ = {isa = PBXFileReference; fileEncoding = 4; lastKnownFileType = sourcecode.c.objc; path = LeftController.m; sourceTree = "<group>"; };
		F8B6DCAC19B5AD0D003FC63C /* AccountListView.h */ = {isa = PBXFileReference; fileEncoding = 4; lastKnownFileType = sourcecode.c.h; path = AccountListView.h; sourceTree = "<group>"; };
		F8B6DCAD19B5AD0D003FC63C /* AccountListView.m */ = {isa = PBXFileReference; fileEncoding = 4; lastKnownFileType = sourcecode.c.objc; path = AccountListView.m; sourceTree = "<group>"; };
		F8B6DCFD19B5BE45003FC63C /* SideMenuController.h */ = {isa = PBXFileReference; fileEncoding = 4; lastKnownFileType = sourcecode.c.h; path = SideMenuController.h; sourceTree = "<group>"; };
		F8B6DCFE19B5BE45003FC63C /* SideMenuController.m */ = {isa = PBXFileReference; fileEncoding = 4; lastKnownFileType = sourcecode.c.objc; path = SideMenuController.m; sourceTree = "<group>"; };
/* End PBXFileReference section */

/* Begin PBXFrameworksBuildPhase section */
		F8B6DC6019B58888003FC63C /* Frameworks */ = {
			isa = PBXFrameworksBuildPhase;
			buildActionMask = 2147483647;
			files = (
				F8B6DC6919B58888003FC63C /* CoreGraphics.framework in Frameworks */,
				F8B6DC6B19B58888003FC63C /* UIKit.framework in Frameworks */,
				F8B6DC6719B58888003FC63C /* Foundation.framework in Frameworks */,
			);
			runOnlyForDeploymentPostprocessing = 0;
		};
		F8B6DC7B19B58888003FC63C /* Frameworks */ = {
			isa = PBXFrameworksBuildPhase;
			buildActionMask = 2147483647;
			files = (
				F8B6DC8019B58888003FC63C /* XCTest.framework in Frameworks */,
				F8B6DC8219B58888003FC63C /* UIKit.framework in Frameworks */,
				F8B6DC8119B58888003FC63C /* Foundation.framework in Frameworks */,
			);
			runOnlyForDeploymentPostprocessing = 0;
		};
/* End PBXFrameworksBuildPhase section */

/* Begin PBXGroup section */
		F8B6DC5A19B58887003FC63C = {
			isa = PBXGroup;
			children = (
				F8B6DC6C19B58888003FC63C /* SideMenuController */,
				F8B6DC8519B58888003FC63C /* SideMenuControllerTests */,
				F8B6DC6519B58888003FC63C /* Frameworks */,
				F8B6DC6419B58888003FC63C /* Products */,
			);
			sourceTree = "<group>";
		};
		F8B6DC6419B58888003FC63C /* Products */ = {
			isa = PBXGroup;
			children = (
				F8B6DC6319B58888003FC63C /* SideMenuController.app */,
				F8B6DC7E19B58888003FC63C /* SideMenuControllerTests.xctest */,
			);
			name = Products;
			sourceTree = "<group>";
		};
		F8B6DC6519B58888003FC63C /* Frameworks */ = {
			isa = PBXGroup;
			children = (
				F8B6DC6619B58888003FC63C /* Foundation.framework */,
				F8B6DC6819B58888003FC63C /* CoreGraphics.framework */,
				F8B6DC6A19B58888003FC63C /* UIKit.framework */,
				F8B6DC7F19B58888003FC63C /* XCTest.framework */,
			);
			name = Frameworks;
			sourceTree = "<group>";
		};
		F8B6DC6C19B58888003FC63C /* SideMenuController */ = {
			isa = PBXGroup;
			children = (
				F8B6DCFC19B5BE45003FC63C /* SideMenuController */,
				F8B6DCAB19B5AC7C003FC63C /* Views */,
				F8B6DCA719B5AC54003FC63C /* Controllers */,
				F8B6DCA219B59F4F003FC63C /* Resources */,
				F8B6DC7519B58888003FC63C /* AppDelegate.h */,
				F8B6DC7619B58888003FC63C /* AppDelegate.m */,
				F8B6DC9919B598F3003FC63C /* RightController.h */,
				F8B6DC9A19B598F3003FC63C /* RightController.m */,
				F8B6DC9C19B598FB003FC63C /* LeftViewController.h */,
				F8B6DC9D19B598FB003FC63C /* LeftViewController.m */,
				F8B6DC9F19B59902003FC63C /* MainViewController.h */,
				F8B6DCA019B59902003FC63C /* MainViewController.m */,
				F8B6DC7819B58888003FC63C /* Images.xcassets */,
				F8B6DC6D19B58888003FC63C /* Supporting Files */,
			);
			path = SideMenuController;
			sourceTree = "<group>";
		};
		F8B6DC6D19B58888003FC63C /* Supporting Files */ = {
			isa = PBXGroup;
			children = (
				F8B6DC6E19B58888003FC63C /* SideMenuController-Info.plist */,
				F8B6DC6F19B58888003FC63C /* InfoPlist.strings */,
				F8B6DC7219B58888003FC63C /* main.m */,
				F8B6DC7419B58888003FC63C /* SideMenuController-Prefix.pch */,
			);
			name = "Supporting Files";
			sourceTree = "<group>";
		};
		F8B6DC8519B58888003FC63C /* SideMenuControllerTests */ = {
			isa = PBXGroup;
			children = (
				F8B6DC8B19B58888003FC63C /* SideMenuControllerTests.m */,
				F8B6DC8619B58888003FC63C /* Supporting Files */,
			);
			path = SideMenuControllerTests;
			sourceTree = "<group>";
		};
		F8B6DC8619B58888003FC63C /* Supporting Files */ = {
			isa = PBXGroup;
			children = (
				F8B6DC8719B58888003FC63C /* SideMenuControllerTests-Info.plist */,
				F8B6DC8819B58888003FC63C /* InfoPlist.strings */,
			);
			name = "Supporting Files";
			sourceTree = "<group>";
		};
		F8B6DCA219B59F4F003FC63C /* Resources */ = {
			isa = PBXGroup;
			children = (
				F8B6DCA519B5A906003FC63C /* btn_nav_left_menu@2x.png */,
				F8B6DCA319B59F4F003FC63C /* nav_menu_icon@2x.png */,
			);
			path = Resources;
			sourceTree = "<group>";
		};
		F8B6DCA719B5AC54003FC63C /* Controllers */ = {
			isa = PBXGroup;
			children = (
				F8B6DCA819B5AC5E003FC63C /* LeftController.h */,
				F8B6DCA919B5AC5E003FC63C /* LeftController.m */,
			);
			path = Controllers;
			sourceTree = "<group>";
		};
		F8B6DCAB19B5AC7C003FC63C /* Views */ = {
			isa = PBXGroup;
			children = (
				F8B6DCAC19B5AD0D003FC63C /* AccountListView.h */,
				F8B6DCAD19B5AD0D003FC63C /* AccountListView.m */,
			);
			path = Views;
			sourceTree = "<group>";
		};
		F8B6DCFC19B5BE45003FC63C /* SideMenuController */ = {
			isa = PBXGroup;
			children = (
				F8B6DCFD19B5BE45003FC63C /* SideMenuController.h */,
				F8B6DCFE19B5BE45003FC63C /* SideMenuController.m */,
			);
			path = SideMenuController;
			sourceTree = "<group>";
		};
/* End PBXGroup section */

/* Begin PBXNativeTarget section */
		F8B6DC6219B58888003FC63C /* SideMenuController */ = {
			isa = PBXNativeTarget;
			buildConfigurationList = F8B6DC8F19B58888003FC63C /* Build configuration list for PBXNativeTarget "SideMenuController" */;
			buildPhases = (
				F8B6DC5F19B58888003FC63C /* Sources */,
				F8B6DC6019B58888003FC63C /* Frameworks */,
				F8B6DC6119B58888003FC63C /* Resources */,
			);
			buildRules = (
			);
			dependencies = (
			);
			name = SideMenuController;
			productName = SideMenuController;
			productReference = F8B6DC6319B58888003FC63C /* SideMenuController.app */;
			productType = "com.apple.product-type.application";
		};
		F8B6DC7D19B58888003FC63C /* SideMenuControllerTests */ = {
			isa = PBXNativeTarget;
			buildConfigurationList = F8B6DC9219B58888003FC63C /* Build configuration list for PBXNativeTarget "SideMenuControllerTests" */;
			buildPhases = (
				F8B6DC7A19B58888003FC63C /* Sources */,
				F8B6DC7B19B58888003FC63C /* Frameworks */,
				F8B6DC7C19B58888003FC63C /* Resources */,
			);
			buildRules = (
			);
			dependencies = (
				F8B6DC8419B58888003FC63C /* PBXTargetDependency */,
			);
			name = SideMenuControllerTests;
			productName = SideMenuControllerTests;
			productReference = F8B6DC7E19B58888003FC63C /* SideMenuControllerTests.xctest */;
			productType = "com.apple.product-type.bundle.unit-test";
		};
/* End PBXNativeTarget section */

/* Begin PBXProject section */
		F8B6DC5B19B58887003FC63C /* Project object */ = {
			isa = PBXProject;
			attributes = {
				LastUpgradeCheck = 0510;
				ORGANIZATIONNAME = vols;
				TargetAttributes = {
					F8B6DC7D19B58888003FC63C = {
						TestTargetID = F8B6DC6219B58888003FC63C;
					};
				};
			};
			buildConfigurationList = F8B6DC5E19B58887003FC63C /* Build configuration list for PBXProject "SideMenuController" */;
			compatibilityVersion = "Xcode 3.2";
			developmentRegion = English;
			hasScannedForEncodings = 0;
			knownRegions = (
				en,
			);
			mainGroup = F8B6DC5A19B58887003FC63C;
			productRefGroup = F8B6DC6419B58888003FC63C /* Products */;
			projectDirPath = "";
			projectRoot = "";
			targets = (
				F8B6DC6219B58888003FC63C /* SideMenuController */,
				F8B6DC7D19B58888003FC63C /* SideMenuControllerTests */,
			);
		};
/* End PBXProject section */

/* Begin PBXResourcesBuildPhase section */
		F8B6DC6119B58888003FC63C /* Resources */ = {
			isa = PBXResourcesBuildPhase;
			buildActionMask = 2147483647;
			files = (
				F8B6DCA419B59F4F003FC63C /* nav_menu_icon@2x.png in Resources */,
				F8B6DC7119B58888003FC63C /* InfoPlist.strings in Resources */,
				F8B6DC7919B58888003FC63C /* Images.xcassets in Resources */,
				F8B6DCA619B5A906003FC63C /* btn_nav_left_menu@2x.png in Resources */,
			);
			runOnlyForDeploymentPostprocessing = 0;
		};
		F8B6DC7C19B58888003FC63C /* Resources */ = {
			isa = PBXResourcesBuildPhase;
			buildActionMask = 2147483647;
			files = (
				F8B6DC8A19B58888003FC63C /* InfoPlist.strings in Resources */,
			);
			runOnlyForDeploymentPostprocessing = 0;
		};
/* End PBXResourcesBuildPhase section */

/* Begin PBXSourcesBuildPhase section */
		F8B6DC5F19B58888003FC63C /* Sources */ = {
			isa = PBXSourcesBuildPhase;
			buildActionMask = 2147483647;
			files = (
				F8B6DCAE19B5AD0D003FC63C /* AccountListView.m in Sources */,
				F8B6DC7719B58888003FC63C /* AppDelegate.m in Sources */,
				F8B6DCAA19B5AC5E003FC63C /* LeftController.m in Sources */,
				F8B6DCA119B59902003FC63C /* MainViewController.m in Sources */,
				F8B6DC9E19B598FB003FC63C /* LeftViewController.m in Sources */,
				F8B6DCFF19B5BE45003FC63C /* SideMenuController.m in Sources */,
				F8B6DC7319B58888003FC63C /* main.m in Sources */,
				F8B6DC9B19B598F3003FC63C /* RightController.m in Sources */,
			);
			runOnlyForDeploymentPostprocessing = 0;
		};
		F8B6DC7A19B58888003FC63C /* Sources */ = {
			isa = PBXSourcesBuildPhase;
			buildActionMask = 2147483647;
			files = (
				F8B6DC8C19B58888003FC63C /* SideMenuControllerTests.m in Sources */,
			);
			runOnlyForDeploymentPostprocessing = 0;
		};
/* End PBXSourcesBuildPhase section */

/* Begin PBXTargetDependency section */
		F8B6DC8419B58888003FC63C /* PBXTargetDependency */ = {
			isa = PBXTargetDependency;
			target = F8B6DC6219B58888003FC63C /* SideMenuController */;
			targetProxy = F8B6DC8319B58888003FC63C /* PBXContainerItemProxy */;
		};
/* End PBXTargetDependency section */

/* Begin PBXVariantGroup section */
		F8B6DC6F19B58888003FC63C /* InfoPlist.strings */ = {
			isa = PBXVariantGroup;
			children = (
				F8B6DC7019B58888003FC63C /* en */,
			);
			name = InfoPlist.strings;
			sourceTree = "<group>";
		};
		F8B6DC8819B58888003FC63C /* InfoPlist.strings */ = {
			isa = PBXVariantGroup;
			children = (
				F8B6DC8919B58888003FC63C /* en */,
			);
			name = InfoPlist.strings;
			sourceTree = "<group>";
		};
/* End PBXVariantGroup section */

/* Begin XCBuildConfiguration section */
		F8B6DC8D19B58888003FC63C /* Debug */ = {
			isa = XCBuildConfiguration;
			buildSettings = {
				ALWAYS_SEARCH_USER_PATHS = NO;
				CLANG_CXX_LANGUAGE_STANDARD = "gnu++0x";
				CLANG_CXX_LIBRARY = "libc++";
				CLANG_ENABLE_MODULES = YES;
				CLANG_ENABLE_OBJC_ARC = YES;
				CLANG_WARN_BOOL_CONVERSION = YES;
				CLANG_WARN_CONSTANT_CONVERSION = YES;
				CLANG_WARN_DIRECT_OBJC_ISA_USAGE = YES_ERROR;
				CLANG_WARN_EMPTY_BODY = YES;
				CLANG_WARN_ENUM_CONVERSION = YES;
				CLANG_WARN_INT_CONVERSION = YES;
				CLANG_WARN_OBJC_ROOT_CLASS = YES_ERROR;
				CLANG_WARN__DUPLICATE_METHOD_MATCH = YES;
				"CODE_SIGN_IDENTITY[sdk=iphoneos*]" = "iPhone Developer";
				COPY_PHASE_STRIP = NO;
				GCC_C_LANGUAGE_STANDARD = gnu99;
				GCC_DYNAMIC_NO_PIC = NO;
				GCC_OPTIMIZATION_LEVEL = 0;
				GCC_PREPROCESSOR_DEFINITIONS = (
					"DEBUG=1",
					"$(inherited)",
				);
				GCC_SYMBOLS_PRIVATE_EXTERN = NO;
				GCC_WARN_64_TO_32_BIT_CONVERSION = YES;
				GCC_WARN_ABOUT_RETURN_TYPE = YES_ERROR;
				GCC_WARN_UNDECLARED_SELECTOR = YES;
				GCC_WARN_UNINITIALIZED_AUTOS = YES_AGGRESSIVE;
				GCC_WARN_UNUSED_FUNCTION = YES;
				GCC_WARN_UNUSED_VARIABLE = YES;
				IPHONEOS_DEPLOYMENT_TARGET = 7.1;
				ONLY_ACTIVE_ARCH = YES;
				SDKROOT = iphoneos;
			};
			name = Debug;
		};
		F8B6DC8E19B58888003FC63C /* Release */ = {
			isa = XCBuildConfiguration;
			buildSettings = {
				ALWAYS_SEARCH_USER_PATHS = NO;
				CLANG_CXX_LANGUAGE_STANDARD = "gnu++0x";
				CLANG_CXX_LIBRARY = "libc++";
				CLANG_ENABLE_MODULES = YES;
				CLANG_ENABLE_OBJC_ARC = YES;
				CLANG_WARN_BOOL_CONVERSION = YES;
				CLANG_WARN_CONSTANT_CONVERSION = YES;
				CLANG_WARN_DIRECT_OBJC_ISA_USAGE = YES_ERROR;
				CLANG_WARN_EMPTY_BODY = YES;
				CLANG_WARN_ENUM_CONVERSION = YES;
				CLANG_WARN_INT_CONVERSION = YES;
				CLANG_WARN_OBJC_ROOT_CLASS = YES_ERROR;
				CLANG_WARN__DUPLICATE_METHOD_MATCH = YES;
				"CODE_SIGN_IDENTITY[sdk=iphoneos*]" = "iPhone Developer";
				COPY_PHASE_STRIP = YES;
				ENABLE_NS_ASSERTIONS = NO;
				GCC_C_LANGUAGE_STANDARD = gnu99;
				GCC_WARN_64_TO_32_BIT_CONVERSION = YES;
				GCC_WARN_ABOUT_RETURN_TYPE = YES_ERROR;
				GCC_WARN_UNDECLARED_SELECTOR = YES;
				GCC_WARN_UNINITIALIZED_AUTOS = YES_AGGRESSIVE;
				GCC_WARN_UNUSED_FUNCTION = YES;
				GCC_WARN_UNUSED_VARIABLE = YES;
				IPHONEOS_DEPLOYMENT_TARGET = 7.1;
				SDKROOT = iphoneos;
				VALIDATE_PRODUCT = YES;
			};
			name = Release;
		};
		F8B6DC9019B58888003FC63C /* Debug */ = {
			isa = XCBuildConfiguration;
			buildSettings = {
				ASSETCATALOG_COMPILER_APPICON_NAME = AppIcon;
				ASSETCATALOG_COMPILER_LAUNCHIMAGE_NAME = LaunchImage;
				GCC_PRECOMPILE_PREFIX_HEADER = YES;
				GCC_PREFIX_HEADER = "SideMenuController/SideMenuController-Prefix.pch";
				INFOPLIST_FILE = "SideMenuController/SideMenuController-Info.plist";
				PRODUCT_NAME = "$(TARGET_NAME)";
				WRAPPER_EXTENSION = app;
			};
			name = Debug;
		};
		F8B6DC9119B58888003FC63C /* Release */ = {
			isa = XCBuildConfiguration;
			buildSettings = {
				ASSETCATALOG_COMPILER_APPICON_NAME = AppIcon;
				ASSETCATALOG_COMPILER_LAUNCHIMAGE_NAME = LaunchImage;
				GCC_PRECOMPILE_PREFIX_HEADER = YES;
				GCC_PREFIX_HEADER = "SideMenuController/SideMenuController-Prefix.pch";
				INFOPLIST_FILE = "SideMenuController/SideMenuController-Info.plist";
				PRODUCT_NAME = "$(TARGET_NAME)";
				WRAPPER_EXTENSION = app;
			};
			name = Release;
		};
		F8B6DC9319B58888003FC63C /* Debug */ = {
			isa = XCBuildConfiguration;
			buildSettings = {
				BUNDLE_LOADER = "$(BUILT_PRODUCTS_DIR)/SideMenuController.app/SideMenuController";
				FRAMEWORK_SEARCH_PATHS = (
					"$(SDKROOT)/Developer/Library/Frameworks",
					"$(inherited)",
					"$(DEVELOPER_FRAMEWORKS_DIR)",
				);
				GCC_PRECOMPILE_PREFIX_HEADER = YES;
				GCC_PREFIX_HEADER = "SideMenuController/SideMenuController-Prefix.pch";
				GCC_PREPROCESSOR_DEFINITIONS = (
					"DEBUG=1",
					"$(inherited)",
				);
				INFOPLIST_FILE = "SideMenuControllerTests/SideMenuControllerTests-Info.plist";
				PRODUCT_NAME = "$(TARGET_NAME)";
				TEST_HOST = "$(BUNDLE_LOADER)";
				WRAPPER_EXTENSION = xctest;
			};
			name = Debug;
		};
		F8B6DC9419B58888003FC63C /* Release */ = {
			isa = XCBuildConfiguration;
			buildSettings = {
				BUNDLE_LOADER = "$(BUILT_PRODUCTS_DIR)/SideMenuController.app/SideMenuController";
				FRAMEWORK_SEARCH_PATHS = (
					"$(SDKROOT)/Developer/Library/Frameworks",
					"$(inherited)",
					"$(DEVELOPER_FRAMEWORKS_DIR)",
				);
				GCC_PRECOMPILE_PREFIX_HEADER = YES;
				GCC_PREFIX_HEADER = "SideMenuController/SideMenuController-Prefix.pch";
				INFOPLIST_FILE = "SideMenuControllerTests/SideMenuControllerTests-Info.plist";
				PRODUCT_NAME = "$(TARGET_NAME)";
				TEST_HOST = "$(BUNDLE_LOADER)";
				WRAPPER_EXTENSION = xctest;
			};
			name = Release;
		};
/* End XCBuildConfiguration section */

/* Begin XCConfigurationList section */
		F8B6DC5E19B58887003FC63C /* Build configuration list for PBXProject "SideMenuController" */ = {
			isa = XCConfigurationList;
			buildConfigurations = (
				F8B6DC8D19B58888003FC63C /* Debug */,
				F8B6DC8E19B58888003FC63C /* Release */,
			);
			defaultConfigurationIsVisible = 0;
			defaultConfigurationName = Release;
		};
		F8B6DC8F19B58888003FC63C /* Build configuration list for PBXNativeTarget "SideMenuController" */ = {
			isa = XCConfigurationList;
			buildConfigurations = (
				F8B6DC9019B58888003FC63C /* Debug */,
				F8B6DC9119B58888003FC63C /* Release */,
			);
			defaultConfigurationIsVisible = 0;
		};
		F8B6DC9219B58888003FC63C /* Build configuration list for PBXNativeTarget "SideMenuControllerTests" */ = {
			isa = XCConfigurationList;
			buildConfigurations = (
				F8B6DC9319B58888003FC63C /* Debug */,
				F8B6DC9419B58888003FC63C /* Release */,
			);
			defaultConfigurationIsVisible = 0;
		};
/* End XCConfigurationList section */
	};
	rootObject = F8B6DC5B19B58887003FC63C /* Project object */;
}
